# This file is autogenerated, do not edit; changes may be undone by the next 'dep ensure'.


[[projects]]
  branch = "master"
  digest = "1:7e2a28602fd65774c79a780a9c32a7a82d180e5a93bb5a36a6beb8619e24a35b"
  name = "github.com/edsrzf/mmap-go"
  packages = ["."]
  pruneopts = "NUT"
  revision = "0bce6a6887123b67a60366d2c9fe2dfb74289d2e"

[[projects]]
  digest = "1:13e9a236e56e18fecb73f5b2f2eb7f60060a1a9bc27e5a7328ab22e275ecb63e"
  name = "github.com/go-sql-driver/mysql"
  packages = ["."]
  pruneopts = "NUT"
  revision = "72cd26f257d44c1114970e19afddcd812016007e"
  version = "v1.4.1"

[[projects]]
  digest = "1:4d5fa9f49e5bf3d55c16ff562af9e3231f9ac5ccf495927fd0555f4607c15475"
  name = "github.com/lib/pq"
  packages = [
    ".",
    "oid",
  ]
  pruneopts = "NUT"
  revision = "4ded0e9383f75c197b3a2aaa6d590ac52df6fd79"
  version = "v1.0.0"

[[projects]]
  branch = "master"
  digest = "1:e3eeca4ba9d81b6356de2fd9dd18268e4dfc701af55ad1d11e1e2e4d87342afd"
  name = "github.com/remyoudompheng/bigfft"
  packages = ["."]
  pruneopts = "NUT"
  revision = "52369c62f4463a21c8ff8531194c5526322b8521"

[[projects]]
  digest = "1:c6d6892ef3af2632f7892ed12239190002925e009afca91b0336c2f372e64610"
  name = "github.com/technoweenie/multipartstreamer"
  packages = ["."]
  pruneopts = "NUT"
  revision = "a90a01d73ae432e2611d178c18367fbaa13e0154"
  version = "v1.0.1"

[[projects]]
  branch = "master"
  digest = "1:286bb14ef80f61cf33d7b5d976cdf10a6df4f279b20cca7337a8828010342959"
  name = "github.com/yuin/gopher-lua"
  packages = [
    ".",
    "ast",
    "parse",
    "pm",
  ]
  pruneopts = "NUT"
  revision = "d1ab6d058001094c8439baf8949205801b1404b6"

[[projects]]
  branch = "master"
  digest = "1:1a1ecfa7b54ca3f7a0115ab5c578d7d6a5d8b605839c549e80260468c42f8be7"
  name = "golang.org/x/net"
  packages = [
    "html",
    "html/atom",
  ]
  pruneopts = "NUT"
  revision = "610586996380ceef02dd726cc09df7e00a3f8e56"

[[projects]]
  digest = "1:c25289f43ac4a68d88b02245742347c94f1e108c534dda442188015ff80669b3"
  name = "google.golang.org/appengine"
  packages = ["cloudsql"]
  pruneopts = "NUT"
  revision = "4a4468ece617fc8205e99368fa2200e9d1fad421"
  version = "v1.3.0"

[[projects]]
  branch = "v2"
  digest = "1:ebcfe9ac18161a5a837fe7227b3c168d815a2d4b09864a1638c7f1d4d718d406"
  name = "gopkg.in/xmlpath.v2"
  packages = ["."]
  pruneopts = "NUT"
  revision = "860cbeca3ebcc600db0b213c0e83ad6ce91f5739"

[[projects]]
  digest = "1:18108594151654e9e696b27b181b953f9a90b16bf14d253dd1b397b025a1487f"
  name = "gopkg.in/yaml.v2"
  packages = ["."]
  pruneopts = "NUT"
  revision = "51d6538a90f86fe93ac480b35f37b2be17fef232"
  version = "v2.2.2"

[[projects]]
  digest = "1:08cc3915c88932232a557eea5726b2795ebdfc98eb5eb65a2c623a59b39a148e"
  name = "modernc.org/b"
  packages = ["."]
  pruneopts = "NUT"
  revision = "e2c6d3c5e5f25b4f5a667952d78e934528620d0f"
  version = "v1.0.0"

[[projects]]
  digest = "1:1b7f823d25cc5897bf0875cef0bab31e4390f1d5f6bda5b95565393852370460"
  name = "modernc.org/db"
  packages = ["."]
  pruneopts = "NUT"
  revision = "0f8532da5108c0770b87e4fe90de4e28c1792ecd"
  version = "v1.0.0"

[[projects]]
  digest = "1:5bdaedc43089c951e8faf19a6b5709a9bb837d55ef39bcda460f12ce08c4d2ec"
  name = "modernc.org/file"
  packages = ["."]
  pruneopts = "NUT"
  revision = "77fb6ddb93ef6c79fe90759839bf2e605d082bbe"
  version = "v1.0.0"

[[projects]]
  digest = "1:5a4ddfdf91baa5b48de17c88652dd1bcc78ea013b9a8aa7ab34a3d3d19273dae"
  name = "modernc.org/fileutil"
  packages = ["."]
  pruneopts = "NUT"
  revision = "3dcf11a63f921261b8db146fcff31a462ff9de31"
  version = "v1.0.0"

[[projects]]
  digest = "1:748cd9172f5dcc2d03a869bca216073f911e3078c59b01f35abda74fdc1b14ed"
  name = "modernc.org/golex"
  packages = ["lex"]
  pruneopts = "NUT"
  revision = "bc767dde60ca2c733d60c36421e559c302d87cef"
  version = "v1.0.0"

[[projects]]
  digest = "1:3a30002f8b5eca4e2aaabfa3ffdd525b1a380dd24736f572e3bc0c0fb873ac97"
  name = "modernc.org/internal"
  packages = [
    "buffer",
    "file",
    "slice",
  ]
  pruneopts = "NUT"
  revision = "092e7f9de1dea39e9fe64dbb8823cc3891948078"
  version = "v1.0.0"

[[projects]]
  digest = "1:22e3e6aaa4e186122eac6083bfa29fe21d9e2183807ef52cddd9aaa5d9135ba3"
  name = "modernc.org/lldb"
  packages = ["."]
  pruneopts = "NUT"
  revision = "e529cf66479bdd56b27b7cbe9b34d924b30f9c48"
  version = "v1.0.0"

[[projects]]
  digest = "1:59635d79e5afb9c22e07d9e08e6c3a7e3e687502cd6a6804e9df0526239747d4"
  name = "modernc.org/mathutil"
  packages = ["."]
  pruneopts = "NUT"
  revision = "5712a870eb24900386234a0d001f00d2120cc76a"
  version = "v1.0.0"

[[projects]]
  digest = "1:9f5ca5fe6b7cd65135d14f9b2edff01d05908021510147dea96543e6668617e0"
  name = "modernc.org/ql"
  packages = [
    ".",
    "driver",
    "vendored/github.com/camlistore/go4/lock",
  ]
  pruneopts = "NUT"
  revision = "c993c7178deb621f621fda8d5b78fe6db1418a28"
  version = "v1.0.0"

[[projects]]
  digest = "1:782c13524ad4064ffab5ae8dc718522f8d578db1552d9c5cc6930906b04cfd78"
  name = "modernc.org/sortutil"
  packages = ["."]
  pruneopts = "NUT"
  revision = "66d6da9f34017dbc070d22086809f3e1dde01350"
  version = "v1.0.0"

[[projects]]
  digest = "1:de7d579b72387e7a9a90e212d5268c1ac3b9f7bcdb91d67718eeb11f42eedad4"
  name = "modernc.org/strutil"
  packages = ["."]
  pruneopts = "NUT"
  revision = "5caa9dea4513d6534e4cb63c091c6088e25f4b64"
  version = "v1.0.0"

[[projects]]
  digest = "1:55a3e3af71bda4cc1d25694e0b894b43674ad6799b0fecde0209eb927703b234"
  name = "modernc.org/zappy"
  packages = ["."]
  pruneopts = "NUT"
  revision = "a53f48544a72f18482cbaedacb9adee516685719"
  version = "v1.0.0"

[solve-meta]
  analyzer-name = "dep"
  analyzer-version = 1
  input-imports = [
    "github.com/go-sql-driver/mysql",
    "github.com/lib/pq",
    "github.com/technoweenie/multipartstreamer",
    "github.com/yuin/gopher-lua",
    "gopkg.in/xmlpath.v2",
    "gopkg.in/yaml.v2",
    "modernc.org/ql/driver",
  ]
  solver-name = "gps-cdcl"
  solver-version = 1
