# This file is autogenerated, do not edit; changes may be undone by the next 'dep ensure'.


[[projects]]
  branch = "master"
  digest = "1:386e5a632be2aa525a327e13694bd22bde42fe6fe925c3bfef89b59c6e10b08f"
  name = "github.com/AndreasBriese/bbloom"
  packages = ["."]
  pruneopts = "NUT"
  revision = "e2d15f34fcf99d5dbb871c820ec73f710fca9815"

[[projects]]
  digest = "1:a8e5037a4d69c6ad7f36cc3ef3202c04eaaba0ef0fab1d960affc6452a8edf25"
  name = "github.com/cbroglie/mustache"
  packages = ["."]
  pruneopts = "NUT"
  revision = "eb931a9d20042e51d8a3a9ad5a9ba9bc8282c564"
  version = "v1.0.1"

[[projects]]
  digest = "1:a9a80e9515397ba989a52af67b5fa27607a19513ac8e9f1e3456033879341e72"
  name = "github.com/chzyer/readline"
  packages = ["."]
  pruneopts = "NUT"
  revision = "62c6fe6193755f722b8b8788aa7357be55a50ff1"
  version = "v1.4"

[[projects]]
  branch = "master"
  digest = "1:732f1ecc44c3c405aabbca2a319763d77586f0fed9f9c6bca6c82d24c6ebf8d1"
  name = "github.com/dgryski/go-farm"
  packages = ["."]
  pruneopts = "NUT"
  revision = "3adb47b1fb0f6d9efcc5051a6c62e2e413ac85a9"

[[projects]]
  digest = "1:b7ffca49e9cfd3dfb04a8e0a59347708c6f78f68476a32c5e0a0edca5d1b258c"
  name = "github.com/dustin/go-humanize"
  packages = ["."]
  pruneopts = "NUT"
  revision = "9f541cc9db5d55bce703bd99987c9d5cb8eea45e"
  version = "v1.0.0"

[[projects]]
  digest = "1:13e9a236e56e18fecb73f5b2f2eb7f60060a1a9bc27e5a7328ab22e275ecb63e"
  name = "github.com/go-sql-driver/mysql"
  packages = ["."]
  pruneopts = "NUT"
  revision = "72cd26f257d44c1114970e19afddcd812016007e"
  version = "v1.4.1"

[[projects]]
  digest = "1:318f1c959a8a740366fce4b1e1eb2fd914036b4af58fbd0a003349b305f118ad"
  name = "github.com/golang/protobuf"
  packages = ["proto"]
  pruneopts = "NUT"
  revision = "c823c79ea1570fb5ff454033735a8e68575d1d0f"
  version = "v1.3.0"

[[projects]]
  digest = "1:4d5fa9f49e5bf3d55c16ff562af9e3231f9ac5ccf495927fd0555f4607c15475"
  name = "github.com/lib/pq"
  packages = [
    ".",
    "oid",
  ]
  pruneopts = "NUT"
  revision = "4ded0e9383f75c197b3a2aaa6d590ac52df6fd79"
  version = "v1.0.0"

[[projects]]
  digest = "1:c9724c929d27a14475a45b17a267dbc60671c0bc2c5c05ed21f011f7b5bc9fb5"
  name = "github.com/mattn/go-sqlite3"
  packages = ["."]
  pruneopts = "NUT"
  revision = "c7c4067b79cc51e6dfdcef5c702e74b1e0fa7c75"
  version = "v1.10.0"

[[projects]]
  digest = "1:a45ae66dea4c899d79fceb116accfa1892105c251f0dcd9a217ddc276b42ec68"
  name = "github.com/mitchellh/mapstructure"
  packages = ["."]
  pruneopts = "NUT"
  revision = "3536a929edddb9a5b34bd6861dc4a9647cb459fe"
  version = "v1.1.2"

[[projects]]
  digest = "1:14715f705ff5dfe0ffd6571d7d201dd8e921030f8070321a79380d8ca4ec1a24"
  name = "github.com/pkg/errors"
  packages = ["."]
  pruneopts = "NUT"
  revision = "ba968bfe8b2f7e042a574c888954fccecfa385b4"
  version = "v0.8.1"

[[projects]]
  digest = "1:c6d6892ef3af2632f7892ed12239190002925e009afca91b0336c2f372e64610"
  name = "github.com/technoweenie/multipartstreamer"
  packages = ["."]
  pruneopts = "NUT"
  revision = "a90a01d73ae432e2611d178c18367fbaa13e0154"
  version = "v1.0.1"

[[projects]]
  branch = "master"
  digest = "1:9a9d3214c3f80e9c7708dbadd1ad98cd2b237a41adfb6099cd2d13a75486a9af"
  name = "github.com/yuin/gluamapper"
  packages = ["."]
  pruneopts = "NUT"
  revision = "d836955830e75240d46ce9f0e6d148d94f2e1d3a"

[[projects]]
  branch = "master"
  digest = "1:286bb14ef80f61cf33d7b5d976cdf10a6df4f279b20cca7337a8828010342959"
  name = "github.com/yuin/gopher-lua"
  packages = [
    ".",
    "ast",
    "parse",
    "pm",
  ]
  pruneopts = "NUT"
  revision = "d1ab6d058001094c8439baf8949205801b1404b6"

[[projects]]
  branch = "master"
  digest = "1:db956872cc9671f5706d49a50b0a2baa7d5135849ab20543b18cb7b721a00029"
  name = "golang.org/x/net"
  packages = [
    "html",
    "html/atom",
    "internal/timeseries",
    "trace",
  ]
  pruneopts = "NUT"
  revision = "610586996380ceef02dd726cc09df7e00a3f8e56"

[[projects]]
  branch = "master"
  digest = "1:e482ae9014dcf45ffb110e47d8da101c63a430e2ac6efa5133d4adebe4a459dd"
  name = "golang.org/x/sys"
  packages = ["unix"]
  pruneopts = "NUT"
  revision = "572b51eaf7221935bdec454796989ba8318fa6f3"

[[projects]]
  digest = "1:c25289f43ac4a68d88b02245742347c94f1e108c534dda442188015ff80669b3"
  name = "google.golang.org/appengine"
  packages = ["cloudsql"]
  pruneopts = "NUT"
  revision = "4a4468ece617fc8205e99368fa2200e9d1fad421"
  version = "v1.3.0"

[[projects]]
  digest = "1:4631c67fe2b5fb8847fef246b256399ba1bf0e8509ab95e09cfddcce814ee668"
  name = "gopkg.in/dgraph-io/badger.v1"
  packages = [
    ".",
    "options",
  ]
  pruneopts = "NUT"
  revision = "99233d725dbdd26d156c61b2f42ae1671b794656"
  version = "v1.5.4"

[[projects]]
  branch = "v2"
  digest = "1:ebcfe9ac18161a5a837fe7227b3c168d815a2d4b09864a1638c7f1d4d718d406"
  name = "gopkg.in/xmlpath.v2"
  packages = ["."]
  pruneopts = "NUT"
  revision = "860cbeca3ebcc600db0b213c0e83ad6ce91f5739"

[[projects]]
  digest = "1:18108594151654e9e696b27b181b953f9a90b16bf14d253dd1b397b025a1487f"
  name = "gopkg.in/yaml.v2"
  packages = ["."]
  pruneopts = "NUT"
  revision = "51d6538a90f86fe93ac480b35f37b2be17fef232"
  version = "v2.2.2"

[solve-meta]
  analyzer-name = "dep"
  analyzer-version = 1
  input-imports = [
    "github.com/cbroglie/mustache",
    "github.com/chzyer/readline",
    "github.com/dustin/go-humanize",
    "github.com/go-sql-driver/mysql",
    "github.com/lib/pq",
    "github.com/mattn/go-sqlite3",
    "github.com/technoweenie/multipartstreamer",
    "github.com/yuin/gluamapper",
    "github.com/yuin/gopher-lua",
    "github.com/yuin/gopher-lua/parse",
    "gopkg.in/dgraph-io/badger.v1",
    "gopkg.in/dgraph-io/badger.v1/options",
    "gopkg.in/xmlpath.v2",
    "gopkg.in/yaml.v2",
  ]
  solver-name = "gps-cdcl"
  solver-version = 1
